
Microsoft Visual Studio Solution File, Format Version 12.00
# Visual Studio Version 17
VisualStudioVersion = 17.9.34622.214
MinimumVisualStudioVersion = 10.0.40219.1
Project("{9A19103F-16F7-4668-BE54-9A1E7A4F7556}") = "eBMR", "eBMR\eBMR.csproj", "{37A700D4-16D6-44B0-B0C8-1DCD0CA41EE4}"
EndProject
Project("{9A19103F-16F7-4668-BE54-9A1E7A4F7556}") = "DataEntity", "DataEntity\DataEntity.csproj", "{F5AABE12-5C9B-4B5B-B7BF-9CACFB60D236}"
EndProject
Project("{FAE04EC0-301F-11D3-BF4B-00C04F79EFBC}") = "Repository", "Repository\Repository.csproj", "{8ED372DA-2EF6-4E6F-830C-D92A02C73F7F}"
EndProject
Global
	GlobalSection(SolutionConfigurationPlatforms) = preSolution
		Debug|Any CPU = Debug|Any CPU
		Release|Any CPU = Release|Any CPU
	EndGlobalSection
	GlobalSection(ProjectConfigurationPlatforms) = postSolution
		{37A700D4-16D6-44B0-B0C8-1DCD0CA41EE4}.Debug|Any CPU.ActiveCfg = Debug|Any CPU
		{37A700D4-16D6-44B0-B0C8-1DCD0CA41EE4}.Debug|Any CPU.Build.0 = Debug|Any CPU
		{37A700D4-16D6-44B0-B0C8-1DCD0CA41EE4}.Release|Any CPU.ActiveCfg = Release|Any CPU
		{37A700D4-16D6-44B0-B0C8-1DCD0CA41EE4}.Release|Any CPU.Build.0 = Release|Any CPU
		{F5AABE12-5C9B-4B5B-B7BF-9CACFB60D236}.Debug|Any CPU.ActiveCfg = Debug|Any CPU
		{F5AABE12-5C9B-4B5B-B7BF-9CACFB60D236}.Debug|Any CPU.Build.0 = Debug|Any CPU
		{F5AABE12-5C9B-4B5B-B7BF-9CACFB60D236}.Release|Any CPU.ActiveCfg = Release|Any CPU
		{F5AABE12-5C9B-4B5B-B7BF-9CACFB60D236}.Release|Any CPU.Build.0 = Release|Any CPU
		{8ED372DA-2EF6-4E6F-830C-D92A02C73F7F}.Debug|Any CPU.ActiveCfg = Debug|Any CPU
		{8ED372DA-2EF6-4E6F-830C-D92A02C73F7F}.Debug|Any CPU.Build.0 = Debug|Any CPU
		{8ED372DA-2EF6-4E6F-830C-D92A02C73F7F}.Release|Any CPU.ActiveCfg = Release|Any CPU
		{8ED372DA-2EF6-4E6F-830C-D92A02C73F7F}.Release|Any CPU.Build.0 = Release|Any CPU
	EndGlobalSection
	GlobalSection(SolutionProperties) = preSolution
		HideSolutionNode = FALSE
	EndGlobalSection
	GlobalSection(ExtensibilityGlobals) = postSolution
		SolutionGuid = {285840A4-BD8A-4B40-9DEF-8C783986863A}
	EndGlobalSection
EndGlobal
